
Microsoft Visual Studio Solution File, Format Version 12.00
# Visual Studio Version 16
VisualStudioVersion = 16.0.31112.23
MinimumVisualStudioVersion = 10.0.40219.1
Project("{FAE04EC0-301F-11D3-BF4B-00C04F79EFBC}") = "AppV3", "AppV3\AppV3.csproj", "{386F3A6F-BF49-4BE8-8D36-D23919D6FFAF}"
	ProjectSection(ProjectDependencies) = postProject
		{68C1C5CE-675E-459A-8594-10367AD2C86B} = {68C1C5CE-675E-459A-8594-10367AD2C86B}
	EndProjectSection
EndProject
Project("{FAE04EC0-301F-11D3-BF4B-00C04F79EFBC}") = "ClassLibraryV3", "ClassLibraryV3\ClassLibraryV3.csproj", "{68C1C5CE-675E-459A-8594-10367AD2C86B}"
EndProject
Global
	GlobalSection(SolutionConfigurationPlatforms) = preSolution
		Debug|Any CPU = Debug|Any CPU
		Release|Any CPU = Release|Any CPU
	EndGlobalSection
	GlobalSection(ProjectConfigurationPlatforms) = postSolution
		{386F3A6F-BF49-4BE8-8D36-D23919D6FFAF}.Debug|Any CPU.ActiveCfg = Debug|Any CPU
		{386F3A6F-BF49-4BE8-8D36-D23919D6FFAF}.Debug|Any CPU.Build.0 = Debug|Any CPU
		{386F3A6F-BF49-4BE8-8D36-D23919D6FFAF}.Release|Any CPU.ActiveCfg = Release|Any CPU
		{386F3A6F-BF49-4BE8-8D36-D23919D6FFAF}.Release|Any CPU.Build.0 = Release|Any CPU
		{68C1C5CE-675E-459A-8594-10367AD2C86B}.Debug|Any CPU.ActiveCfg = Debug|Any CPU
		{68C1C5CE-675E-459A-8594-10367AD2C86B}.Debug|Any CPU.Build.0 = Debug|Any CPU
		{68C1C5CE-675E-459A-8594-10367AD2C86B}.Release|Any CPU.ActiveCfg = Release|Any CPU
		{68C1C5CE-675E-459A-8594-10367AD2C86B}.Release|Any CPU.Build.0 = Release|Any CPU
	EndGlobalSection
	GlobalSection(SolutionProperties) = preSolution
		HideSolutionNode = FALSE
	EndGlobalSection
	GlobalSection(ExtensibilityGlobals) = postSolution
		SolutionGuid = {DF6A2459-0733-4A2F-BBD9-A419B5EE1950}
	EndGlobalSection
EndGlobal
